
Microsoft Visual Studio Solution File, Format Version 12.00
# Visual Studio Version 16
VisualStudioVersion = 16.0.30406.217
MinimumVisualStudioVersion = 10.0.40219.1
Project("{FAE04EC0-301F-11D3-BF4B-00C04F79EFBC}") = "VeeritabaniProje", "VeeritabaniProje\VeeritabaniProje.csproj", "{AC16FE9B-62F5-4EDA-AD89-E935169D880F}"
EndProject
Global
	GlobalSection(SolutionConfigurationPlatforms) = preSolution
		Debug|Any CPU = Debug|Any CPU
		Release|Any CPU = Release|Any CPU
	EndGlobalSection
	GlobalSection(ProjectConfigurationPlatforms) = postSolution
		{AC16FE9B-62F5-4EDA-AD89-E935169D880F}.Debug|Any CPU.ActiveCfg = Debug|Any CPU
		{AC16FE9B-62F5-4EDA-AD89-E935169D880F}.Debug|Any CPU.Build.0 = Debug|Any CPU
		{AC16FE9B-62F5-4EDA-AD89-E935169D880F}.Release|Any CPU.ActiveCfg = Release|Any CPU
		{AC16FE9B-62F5-4EDA-AD89-E935169D880F}.Release|Any CPU.Build.0 = Release|Any CPU
	EndGlobalSection
	GlobalSection(SolutionProperties) = preSolution
		HideSolutionNode = FALSE
	EndGlobalSection
	GlobalSection(ExtensibilityGlobals) = postSolution
		SolutionGuid = {207C4101-4B07-4FD8-B2E4-493450B904E6}
	EndGlobalSection
EndGlobal
